
Microsoft Visual Studio Solution File, Format Version 12.00
# Visual Studio Version 17
VisualStudioVersion = 17.9.34622.214
MinimumVisualStudioVersion = 10.0.40219.1
Project("{2150E333-8FDC-42A3-9474-1A3956D46DE8}") = "1- Api", "1- Api", "{55447A0C-3B1F-4FFA-8A5D-22799A3896FC}"
EndProject
Project("{2150E333-8FDC-42A3-9474-1A3956D46DE8}") = "2-Services", "2-Services", "{9B8DF88A-51DD-4106-9F18-98D4464A36AB}"
EndProject
Project("{2150E333-8FDC-42A3-9474-1A3956D46DE8}") = "3-Infra", "3-Infra", "{836F903F-568C-4BC0-BBB3-9D1984D4031A}"
EndProject
Project("{9A19103F-16F7-4668-BE54-9A1E7A4F7556}") = "Services", "Services\Services.csproj", "{4366E807-C790-4BE1-A375-B291E6CA7A1F}"
EndProject
Project("{9A19103F-16F7-4668-BE54-9A1E7A4F7556}") = "Infra", "Infra\Infra.csproj", "{52526AEB-0036-498C-BDE1-5ACAE078188E}"
EndProject
Project("{9A19103F-16F7-4668-BE54-9A1E7A4F7556}") = "Api", "Api\Api.csproj", "{76DF1844-A2FB-4457-BEB2-B1D84FA8EA19}"
EndProject
Global
	GlobalSection(SolutionConfigurationPlatforms) = preSolution
		Debug|Any CPU = Debug|Any CPU
		Release|Any CPU = Release|Any CPU
	EndGlobalSection
	GlobalSection(ProjectConfigurationPlatforms) = postSolution
		{4366E807-C790-4BE1-A375-B291E6CA7A1F}.Debug|Any CPU.ActiveCfg = Debug|Any CPU
		{4366E807-C790-4BE1-A375-B291E6CA7A1F}.Debug|Any CPU.Build.0 = Debug|Any CPU
		{4366E807-C790-4BE1-A375-B291E6CA7A1F}.Release|Any CPU.ActiveCfg = Release|Any CPU
		{4366E807-C790-4BE1-A375-B291E6CA7A1F}.Release|Any CPU.Build.0 = Release|Any CPU
		{52526AEB-0036-498C-BDE1-5ACAE078188E}.Debug|Any CPU.ActiveCfg = Debug|Any CPU
		{52526AEB-0036-498C-BDE1-5ACAE078188E}.Debug|Any CPU.Build.0 = Debug|Any CPU
		{52526AEB-0036-498C-BDE1-5ACAE078188E}.Release|Any CPU.ActiveCfg = Release|Any CPU
		{52526AEB-0036-498C-BDE1-5ACAE078188E}.Release|Any CPU.Build.0 = Release|Any CPU
		{76DF1844-A2FB-4457-BEB2-B1D84FA8EA19}.Debug|Any CPU.ActiveCfg = Debug|Any CPU
		{76DF1844-A2FB-4457-BEB2-B1D84FA8EA19}.Debug|Any CPU.Build.0 = Debug|Any CPU
		{76DF1844-A2FB-4457-BEB2-B1D84FA8EA19}.Release|Any CPU.ActiveCfg = Release|Any CPU
		{76DF1844-A2FB-4457-BEB2-B1D84FA8EA19}.Release|Any CPU.Build.0 = Release|Any CPU
	EndGlobalSection
	GlobalSection(SolutionProperties) = preSolution
		HideSolutionNode = FALSE
	EndGlobalSection
	GlobalSection(NestedProjects) = preSolution
		{4366E807-C790-4BE1-A375-B291E6CA7A1F} = {9B8DF88A-51DD-4106-9F18-98D4464A36AB}
		{52526AEB-0036-498C-BDE1-5ACAE078188E} = {836F903F-568C-4BC0-BBB3-9D1984D4031A}
		{76DF1844-A2FB-4457-BEB2-B1D84FA8EA19} = {55447A0C-3B1F-4FFA-8A5D-22799A3896FC}
	EndGlobalSection
	GlobalSection(ExtensibilityGlobals) = postSolution
		SolutionGuid = {DF61C2F6-1886-4032-9618-0FBD08C14F14}
	EndGlobalSection
EndGlobal
